{
  "object": {
    "pins": [
      {
        "package": "Swiftwood",
        "repositoryURL": "https://github.com/mredig/Swiftwood.git",
        "state": {
          "branch": null,
          "revision": "149d07cce2b059558f0846bef572d24b9a43b643",
          "version": "0.4.1"
        }
      }
    ]
  },
  "version": 1
}
