{
  "object": {
    "pins": [
      {
        "package": "Swiftwood",
        "repositoryURL": "https://github.com/KnowMeGit/Swiftwood.git",
        "state": {
          "branch": null,
          "revision": "a0cc473ad05d707ce2b504c5802db22f7f83ed8c",
          "version": "0.3.0"
        }
      }
    ]
  },
  "version": 1
}
